
Microsoft Visual Studio Solution File, Format Version 12.00
# Visual Studio 14
VisualStudioVersion = 14.0.23107.0
MinimumVisualStudioVersion = 10.0.40219.1
Project("{FAE04EC0-301F-11D3-BF4B-00C04F79EFBC}") = "NRepository.TestKit", "NRepository.TestKit\NRepository.TestKit.csproj", "{857BDFC6-4395-43D9-B298-F1BD4655A895}"
EndProject
Project("{FAE04EC0-301F-11D3-BF4B-00C04F79EFBC}") = "NRepository.TestKit.Tests", "NRepository.TestKit.Tests\NRepository.TestKit.Tests.csproj", "{1E7279D4-CB29-4465-8E3C-7261479DAEF4}"
EndProject
Global
	GlobalSection(SolutionConfigurationPlatforms) = preSolution
		CSHARP_40|Any CPU = CSHARP_40|Any CPU
		Debug|Any CPU = Debug|Any CPU
		Release|Any CPU = Release|Any CPU
	EndGlobalSection
	GlobalSection(ProjectConfigurationPlatforms) = postSolution
		{857BDFC6-4395-43D9-B298-F1BD4655A895}.CSHARP_40|Any CPU.ActiveCfg = Release|Any CPU
		{857BDFC6-4395-43D9-B298-F1BD4655A895}.CSHARP_40|Any CPU.Build.0 = Release|Any CPU
		{857BDFC6-4395-43D9-B298-F1BD4655A895}.Debug|Any CPU.ActiveCfg = Debug|Any CPU
		{857BDFC6-4395-43D9-B298-F1BD4655A895}.Debug|Any CPU.Build.0 = Debug|Any CPU
		{857BDFC6-4395-43D9-B298-F1BD4655A895}.Release|Any CPU.ActiveCfg = Release|Any CPU
		{857BDFC6-4395-43D9-B298-F1BD4655A895}.Release|Any CPU.Build.0 = Release|Any CPU
		{1E7279D4-CB29-4465-8E3C-7261479DAEF4}.CSHARP_40|Any CPU.ActiveCfg = Release|Any CPU
		{1E7279D4-CB29-4465-8E3C-7261479DAEF4}.CSHARP_40|Any CPU.Build.0 = Release|Any CPU
		{1E7279D4-CB29-4465-8E3C-7261479DAEF4}.Debug|Any CPU.ActiveCfg = Debug|Any CPU
		{1E7279D4-CB29-4465-8E3C-7261479DAEF4}.Debug|Any CPU.Build.0 = Debug|Any CPU
		{1E7279D4-CB29-4465-8E3C-7261479DAEF4}.Release|Any CPU.ActiveCfg = Release|Any CPU
		{1E7279D4-CB29-4465-8E3C-7261479DAEF4}.Release|Any CPU.Build.0 = Release|Any CPU
	EndGlobalSection
	GlobalSection(SolutionProperties) = preSolution
		HideSolutionNode = FALSE
	EndGlobalSection
EndGlobal
